
Microsoft Visual Studio Solution File, Format Version 12.00
# Visual Studio Version 17
VisualStudioVersion = 17.13.35825.156
MinimumVisualStudioVersion = 10.0.40219.1
Project("{2150E333-8FDC-42A3-9474-1A3956D46DE8}") = "Solution Items", "Solution Items", "{8EC462FD-D22E-90A8-E5CE-7E832BA40C5D}"
	ProjectSection(SolutionItems) = preProject
		.gitignore = .gitignore
		README.md = README.md
	EndProjectSection
EndProject
Project("{FAE04EC0-301F-11D3-BF4B-00C04F79EFBC}") = "Migrations", "Migrations\Migrations.csproj", "{751D0CFC-E751-404A-BEC2-C78C167747F3}"
EndProject
Project("{FAE04EC0-301F-11D3-BF4B-00C04F79EFBC}") = "API", "API\API.csproj", "{B67271B5-4EA1-441E-B53B-F27F0FC6B867}"
EndProject
Project("{FAE04EC0-301F-11D3-BF4B-00C04F79EFBC}") = "Mobile", "Mobile\Mobile.csproj", "{66065C7C-D739-48F2-9E98-A2A98F07D0F4}"
EndProject
Global
	GlobalSection(SolutionConfigurationPlatforms) = preSolution
		Debug|Any CPU = Debug|Any CPU
		Release|Any CPU = Release|Any CPU
	EndGlobalSection
	GlobalSection(ProjectConfigurationPlatforms) = postSolution
		{751D0CFC-E751-404A-BEC2-C78C167747F3}.Debug|Any CPU.ActiveCfg = Debug|Any CPU
		{751D0CFC-E751-404A-BEC2-C78C167747F3}.Debug|Any CPU.Build.0 = Debug|Any CPU
		{751D0CFC-E751-404A-BEC2-C78C167747F3}.Release|Any CPU.ActiveCfg = Release|Any CPU
		{751D0CFC-E751-404A-BEC2-C78C167747F3}.Release|Any CPU.Build.0 = Release|Any CPU
		{B67271B5-4EA1-441E-B53B-F27F0FC6B867}.Debug|Any CPU.ActiveCfg = Debug|Any CPU
		{B67271B5-4EA1-441E-B53B-F27F0FC6B867}.Debug|Any CPU.Build.0 = Debug|Any CPU
		{B67271B5-4EA1-441E-B53B-F27F0FC6B867}.Release|Any CPU.ActiveCfg = Release|Any CPU
		{B67271B5-4EA1-441E-B53B-F27F0FC6B867}.Release|Any CPU.Build.0 = Release|Any CPU
		{66065C7C-D739-48F2-9E98-A2A98F07D0F4}.Debug|Any CPU.ActiveCfg = Debug|Any CPU
		{66065C7C-D739-48F2-9E98-A2A98F07D0F4}.Debug|Any CPU.Build.0 = Debug|Any CPU
		{66065C7C-D739-48F2-9E98-A2A98F07D0F4}.Debug|Any CPU.Deploy.0 = Debug|Any CPU
		{66065C7C-D739-48F2-9E98-A2A98F07D0F4}.Release|Any CPU.ActiveCfg = Release|Any CPU
		{66065C7C-D739-48F2-9E98-A2A98F07D0F4}.Release|Any CPU.Build.0 = Release|Any CPU
	EndGlobalSection
	GlobalSection(SolutionProperties) = preSolution
		HideSolutionNode = FALSE
	EndGlobalSection
	GlobalSection(ExtensibilityGlobals) = postSolution
		SolutionGuid = {A1073A7F-7495-47AB-8C1C-C4F2E6AED239}
	EndGlobalSection
EndGlobal
