
Microsoft Visual Studio Solution File, Format Version 12.00
# Visual Studio Version 17
VisualStudioVersion = 17.0.31903.59
MinimumVisualStudioVersion = 10.0.40219.1
Project("{2150E333-8FDC-42A3-9474-1A3956D46DE8}") = "src", "src", "{DACD661F-5457-4CC9-9E5F-4C8E18DE4B08}"
EndProject
Project("{FAE04EC0-301F-11D3-BF4B-00C04F79EFBC}") = "Steno.Api", "src\Steno.Api\Steno.Api.csproj", "{48E5421D-CCB5-4883-958F-1D41F2B3C0ED}"
EndProject
Global
	GlobalSection(SolutionConfigurationPlatforms) = preSolution
		Debug|Any CPU = Debug|Any CPU
		Release|Any CPU = Release|Any CPU
	EndGlobalSection
	GlobalSection(SolutionProperties) = preSolution
		HideSolutionNode = FALSE
	EndGlobalSection
	GlobalSection(ProjectConfigurationPlatforms) = postSolution
		{48E5421D-CCB5-4883-958F-1D41F2B3C0ED}.Debug|Any CPU.ActiveCfg = Debug|Any CPU
		{48E5421D-CCB5-4883-958F-1D41F2B3C0ED}.Debug|Any CPU.Build.0 = Debug|Any CPU
		{48E5421D-CCB5-4883-958F-1D41F2B3C0ED}.Release|Any CPU.ActiveCfg = Release|Any CPU
		{48E5421D-CCB5-4883-958F-1D41F2B3C0ED}.Release|Any CPU.Build.0 = Release|Any CPU
	EndGlobalSection
	GlobalSection(NestedProjects) = preSolution
		{48E5421D-CCB5-4883-958F-1D41F2B3C0ED} = {DACD661F-5457-4CC9-9E5F-4C8E18DE4B08}
	EndGlobalSection
EndGlobal
